// !$*UTF8*$!
{
	archiveVersion = 1;
	classes = {
	};
	objectVersion = 56;
	objects = {

/* Begin PBXBuildFile section */
		24E7B3F22B6EBCBB00D7EF4A /* AppDelegate.swift in Sources */ = {isa = PBXBuildFile; fileRef = 24E7B3F12B6EBCBB00D7EF4A /* AppDelegate.swift */; };
		24E7B3F42B6EBCBB00D7EF4A /* SceneDelegate.swift in Sources */ = {isa = PBXBuildFile; fileRef = 24E7B3F32B6EBCBB00D7EF4A /* SceneDelegate.swift */; };
		24E7B3F62B6EBCBB00D7EF4A /* ViewController.swift in Sources */ = {isa = PBXBuildFile; fileRef = 24E7B3F52B6EBCBB00D7EF4A /* ViewController.swift */; };
		24E7B3F92B6EBCBB00D7EF4A /* Main.storyboard in Resources */ = {isa = PBXBuildFile; fileRef = 24E7B3F72B6EBCBB00D7EF4A /* Main.storyboard */; };
		24E7B3FB2B6EBCBF00D7EF4A /* Assets.xcassets in Resources */ = {isa = PBXBuildFile; fileRef = 24E7B3FA2B6EBCBF00D7EF4A /* Assets.xcassets */; };
		24E7B3FE2B6EBCBF00D7EF4A /* LaunchScreen.storyboard in Resources */ = {isa = PBXBuildFile; fileRef = 24E7B3FC2B6EBCBF00D7EF4A /* LaunchScreen.storyboard */; };
/* End PBXBuildFile section */

/* Begin PBXFileReference section */
		24E7B3EE2B6EBCBB00D7EF4A /* Parsing JSON using local data.app */ = {isa = PBXFileReference; explicitFileType = wrapper.application; includeInIndex = 0; path = "Parsing JSON using local data.app"; sourceTree = BUILT_PRODUCTS_DIR; };
		24E7B3F12B6EBCBB00D7EF4A /* AppDelegate.swift */ = {isa = PBXFileReference; lastKnownFileType = sourcecode.swift; path = AppDelegate.swift; sourceTree = "<group>"; };
		24E7B3F32B6EBCBB00D7EF4A /* SceneDelegate.swift */ = {isa = PBXFileReference; lastKnownFileType = sourcecode.swift; path = SceneDelegate.swift; sourceTree = "<group>"; };
		24E7B3F52B6EBCBB00D7EF4A /* ViewController.swift */ = {isa = PBXFileReference; lastKnownFileType = sourcecode.swift; path = ViewController.swift; sourceTree = "<group>"; };
		24E7B3F82B6EBCBB00D7EF4A /* Base */ = {isa = PBXFileReference; lastKnownFileType = file.storyboard; name = Base; path = Base.lproj/Main.storyboard; sourceTree = "<group>"; };
		24E7B3FA2B6EBCBF00D7EF4A /* Assets.xcassets */ = {isa = PBXFileReference; lastKnownFileType = folder.assetcatalog; path = Assets.xcassets; sourceTree = "<group>"; };
		24E7B3FD2B6EBCBF00D7EF4A /* Base */ = {isa = PBXFileReference; lastKnownFileType = file.storyboard; name = Base; path = Base.lproj/LaunchScreen.storyboard; sourceTree = "<group>"; };
		24E7B3FF2B6EBCBF00D7EF4A /* Info.plist */ = {isa = PBXFileReference; lastKnownFileType = text.plist.xml; path = Info.plist; sourceTree = "<group>"; };
/* End PBXFileReference section */

/* Begin PBXFrameworksBuildPhase section */
		24E7B3EB2B6EBCBB00D7EF4A /* Frameworks */ = {
			isa = PBXFrameworksBuildPhase;
			buildActionMask = 2147483647;
			files = (
			);
			runOnlyForDeploymentPostprocessing = 0;
		};
/* End PBXFrameworksBuildPhase section */

/* Begin PBXGroup section */
		24E7B3E52B6EBCBA00D7EF4A = {
			isa = PBXGroup;
			children = (
				24E7B3F02B6EBCBB00D7EF4A /* Parsing JSON using local data */,
				24E7B3EF2B6EBCBB00D7EF4A /* Products */,
			);
			sourceTree = "<group>";
		};
		24E7B3EF2B6EBCBB00D7EF4A /* Products */ = {
			isa = PBXGroup;
			children = (
				24E7B3EE2B6EBCBB00D7EF4A /* Parsing JSON using local data.app */,
			);
			name = Products;
			sourceTree = "<group>";
		};
		24E7B3F02B6EBCBB00D7EF4A /* Parsing JSON using local data */ = {
			isa = PBXGroup;
			children = (
				24E7B3F12B6EBCBB00D7EF4A /* AppDelegate.swift */,
				24E7B3F32B6EBCBB00D7EF4A /* SceneDelegate.swift */,
				24E7B3F52B6EBCBB00D7EF4A /* ViewController.swift */,
				24E7B3F72B6EBCBB00D7EF4A /* Main.storyboard */,
				24E7B3FA2B6EBCBF00D7EF4A /* Assets.xcassets */,
				24E7B3FC2B6EBCBF00D7EF4A /* LaunchScreen.storyboard */,
				24E7B3FF2B6EBCBF00D7EF4A /* Info.plist */,
			);
			path = "Parsing JSON using local data";
			sourceTree = "<group>";
		};
/* End PBXGroup section */

/* Begin PBXNativeTarget section */
		24E7B3ED2B6EBCBB00D7EF4A /* Parsing JSON using local data */ = {
			isa = PBXNativeTarget;
			buildConfigurationList = 24E7B4022B6EBCBF00D7EF4A /* Build configuration list for PBXNativeTarget "Parsing JSON using local data" */;
			buildPhases = (
				24E7B3EA2B6EBCBB00D7EF4A /* Sources */,
				24E7B3EB2B6EBCBB00D7EF4A /* Frameworks */,
				24E7B3EC2B6EBCBB00D7EF4A /* Resources */,
			);
			buildRules = (
			);
			dependencies = (
			);
			name = "Parsing JSON using local data";
			productName = "Parsing JSON using local data";
			productReference = 24E7B3EE2B6EBCBB00D7EF4A /* Parsing JSON using local data.app */;
			productType = "com.apple.product-type.application";
		};
/* End PBXNativeTarget section */

/* Begin PBXProject section */
		24E7B3E62B6EBCBA00D7EF4A /* Project object */ = {
			isa = PBXProject;
			attributes = {
				BuildIndependentTargetsInParallel = 1;
				LastSwiftUpdateCheck = 1420;
				LastUpgradeCheck = 1420;
				TargetAttributes = {
					24E7B3ED2B6EBCBB00D7EF4A = {
						CreatedOnToolsVersion = 14.2;
					};
				};
			};
			buildConfigurationList = 24E7B3E92B6EBCBA00D7EF4A /* Build configuration list for PBXProject "Parsing JSON using local data" */;
			compatibilityVersion = "Xcode 14.0";
			developmentRegion = en;
			hasScannedForEncodings = 0;
			knownRegions = (
				en,
				Base,
			);
			mainGroup = 24E7B3E52B6EBCBA00D7EF4A;
			productRefGroup = 24E7B3EF2B6EBCBB00D7EF4A /* Products */;
			projectDirPath = "";
			projectRoot = "";
			targets = (
				24E7B3ED2B6EBCBB00D7EF4A /* Parsing JSON using local data */,
			);
		};
/* End PBXProject section */

/* Begin PBXResourcesBuildPhase section */
		24E7B3EC2B6EBCBB00D7EF4A /* Resources */ = {
			isa = PBXResourcesBuildPhase;
			buildActionMask = 2147483647;
			files = (
				24E7B3FE2B6EBCBF00D7EF4A /* LaunchScreen.storyboard in Resources */,
				24E7B3FB2B6EBCBF00D7EF4A /* Assets.xcassets in Resources */,
				24E7B3F92B6EBCBB00D7EF4A /* Main.storyboard in Resources */,
			);
			runOnlyForDeploymentPostprocessing = 0;
		};
/* End PBXResourcesBuildPhase section */

/* Begin PBXSourcesBuildPhase section */
		24E7B3EA2B6EBCBB00D7EF4A /* Sources */ = {
			isa = PBXSourcesBuildPhase;
			buildActionMask = 2147483647;
			files = (
				24E7B3F62B6EBCBB00D7EF4A /* ViewController.swift in Sources */,
				24E7B3F22B6EBCBB00D7EF4A /* AppDelegate.swift in Sources */,
				24E7B3F42B6EBCBB00D7EF4A /* SceneDelegate.swift in Sources */,
			);
			runOnlyForDeploymentPostprocessing = 0;
		};
/* End PBXSourcesBuildPhase section */

/* Begin PBXVariantGroup section */
		24E7B3F72B6EBCBB00D7EF4A /* Main.storyboard */ = {
			isa = PBXVariantGroup;
			children = (
				24E7B3F82B6EBCBB00D7EF4A /* Base */,
			);
			name = Main.storyboard;
			sourceTree = "<group>";
		};
		24E7B3FC2B6EBCBF00D7EF4A /* LaunchScreen.storyboard */ = {
			isa = PBXVariantGroup;
			children = (
				24E7B3FD2B6EBCBF00D7EF4A /* Base */,
			);
			name = LaunchScreen.storyboard;
			sourceTree = "<group>";
		};
/* End PBXVariantGroup section */

/* Begin XCBuildConfiguration section */
		24E7B4002B6EBCBF00D7EF4A /* Debug */ = {
			isa = XCBuildConfiguration;
			buildSettings = {
				ALWAYS_SEARCH_USER_PATHS = NO;
				CLANG_ANALYZER_NONNULL = YES;
				CLANG_ANALYZER_NUMBER_OBJECT_CONVERSION = YES_AGGRESSIVE;
				CLANG_CXX_LANGUAGE_STANDARD = "gnu++20";
				CLANG_ENABLE_MODULES = YES;
				CLANG_ENABLE_OBJC_ARC = YES;
				CLANG_ENABLE_OBJC_WEAK = YES;
				CLANG_WARN_BLOCK_CAPTURE_AUTORELEASING = YES;
				CLANG_WARN_BOOL_CONVERSION = YES;
				CLANG_WARN_COMMA = YES;
				CLANG_WARN_CONSTANT_CONVERSION = YES;
				CLANG_WARN_DEPRECATED_OBJC_IMPLEMENTATIONS = YES;
				CLANG_WARN_DIRECT_OBJC_ISA_USAGE = YES_ERROR;
				CLANG_WARN_DOCUMENTATION_COMMENTS = YES;
				CLANG_WARN_EMPTY_BODY = YES;
				CLANG_WARN_ENUM_CONVERSION = YES;
				CLANG_WARN_INFINITE_RECURSION = YES;
				CLANG_WARN_INT_CONVERSION = YES;
				CLANG_WARN_NON_LITERAL_NULL_CONVERSION = YES;
				CLANG_WARN_OBJC_IMPLICIT_RETAIN_SELF = YES;
				CLANG_WARN_OBJC_LITERAL_CONVERSION = YES;
				CLANG_WARN_OBJC_ROOT_CLASS = YES_ERROR;
				CLANG_WARN_QUOTED_INCLUDE_IN_FRAMEWORK_HEADER = YES;
				CLANG_WARN_RANGE_LOOP_ANALYSIS = YES;
				CLANG_WARN_STRICT_PROTOTYPES = YES;
				CLANG_WARN_SUSPICIOUS_MOVE = YES;
				CLANG_WARN_UNGUARDED_AVAILABILITY = YES_AGGRESSIVE;
				CLANG_WARN_UNREACHABLE_CODE = YES;
				CLANG_WARN__DUPLICATE_METHOD_MATCH = YES;
				COPY_PHASE_STRIP = NO;
				DEBUG_INFORMATION_FORMAT = dwarf;
				ENABLE_STRICT_OBJC_MSGSEND = YES;
				ENABLE_TESTABILITY = YES;
				GCC_C_LANGUAGE_STANDARD = gnu11;
				GCC_DYNAMIC_NO_PIC = NO;
				GCC_NO_COMMON_BLOCKS = YES;
				GCC_OPTIMIZATION_LEVEL = 0;
				GCC_PREPROCESSOR_DEFINITIONS = (
					"DEBUG=1",
					"$(inherited)",
				);
				GCC_WARN_64_TO_32_BIT_CONVERSION = YES;
				GCC_WARN_ABOUT_RETURN_TYPE = YES_ERROR;
				GCC_WARN_UNDECLARED_SELECTOR = YES;
				GCC_WARN_UNINITIALIZED_AUTOS = YES_AGGRESSIVE;
				GCC_WARN_UNUSED_FUNCTION = YES;
				GCC_WARN_UNUSED_VARIABLE = YES;
				IPHONEOS_DEPLOYMENT_TARGET = 16.2;
				MTL_ENABLE_DEBUG_INFO = INCLUDE_SOURCE;
				MTL_FAST_MATH = YES;
				ONLY_ACTIVE_ARCH = YES;
				SDKROOT = iphoneos;
				SWIFT_ACTIVE_COMPILATION_CONDITIONS = DEBUG;
				SWIFT_OPTIMIZATION_LEVEL = "-Onone";
			};
			name = Debug;
		};
		24E7B4012B6EBCBF00D7EF4A /* Release */ = {
			isa = XCBuildConfiguration;
			buildSettings = {
				ALWAYS_SEARCH_USER_PATHS = NO;
				CLANG_ANALYZER_NONNULL = YES;
				CLANG_ANALYZER_NUMBER_OBJECT_CONVERSION = YES_AGGRESSIVE;
				CLANG_CXX_LANGUAGE_STANDARD = "gnu++20";
				CLANG_ENABLE_MODULES = YES;
				CLANG_ENABLE_OBJC_ARC = YES;
				CLANG_ENABLE_OBJC_WEAK = YES;
				CLANG_WARN_BLOCK_CAPTURE_AUTORELEASING = YES;
				CLANG_WARN_BOOL_CONVERSION = YES;
				CLANG_WARN_COMMA = YES;
				CLANG_WARN_CONSTANT_CONVERSION = YES;
				CLANG_WARN_DEPRECATED_OBJC_IMPLEMENTATIONS = YES;
				CLANG_WARN_DIRECT_OBJC_ISA_USAGE = YES_ERROR;
				CLANG_WARN_DOCUMENTATION_COMMENTS = YES;
				CLANG_WARN_EMPTY_BODY = YES;
				CLANG_WARN_ENUM_CONVERSION = YES;
				CLANG_WARN_INFINITE_RECURSION = YES;
				CLANG_WARN_INT_CONVERSION = YES;
				CLANG_WARN_NON_LITERAL_NULL_CONVERSION = YES;
				CLANG_WARN_OBJC_IMPLICIT_RETAIN_SELF = YES;
				CLANG_WARN_OBJC_LITERAL_CONVERSION = YES;
				CLANG_WARN_OBJC_ROOT_CLASS = YES_ERROR;
				CLANG_WARN_QUOTED_INCLUDE_IN_FRAMEWORK_HEADER = YES;
				CLANG_WARN_RANGE_LOOP_ANALYSIS = YES;
				CLANG_WARN_STRICT_PROTOTYPES = YES;
				CLANG_WARN_SUSPICIOUS_MOVE = YES;
				CLANG_WARN_UNGUARDED_AVAILABILITY = YES_AGGRESSIVE;
				CLANG_WARN_UNREACHABLE_CODE = YES;
				CLANG_WARN__DUPLICATE_METHOD_MATCH = YES;
				COPY_PHASE_STRIP = NO;
				DEBUG_INFORMATION_FORMAT = "dwarf-with-dsym";
				ENABLE_NS_ASSERTIONS = NO;
				ENABLE_STRICT_OBJC_MSGSEND = YES;
				GCC_C_LANGUAGE_STANDARD = gnu11;
				GCC_NO_COMMON_BLOCKS = YES;
				GCC_WARN_64_TO_32_BIT_CONVERSION = YES;
				GCC_WARN_ABOUT_RETURN_TYPE = YES_ERROR;
				GCC_WARN_UNDECLARED_SELECTOR = YES;
				GCC_WARN_UNINITIALIZED_AUTOS = YES_AGGRESSIVE;
				GCC_WARN_UNUSED_FUNCTION = YES;
				GCC_WARN_UNUSED_VARIABLE = YES;
				IPHONEOS_DEPLOYMENT_TARGET = 16.2;
				MTL_ENABLE_DEBUG_INFO = NO;
				MTL_FAST_MATH = YES;
				SDKROOT = iphoneos;
				SWIFT_COMPILATION_MODE = wholemodule;
				SWIFT_OPTIMIZATION_LEVEL = "-O";
				VALIDATE_PRODUCT = YES;
			};
			name = Release;
		};
		24E7B4032B6EBCBF00D7EF4A /* Debug */ = {
			isa = XCBuildConfiguration;
			buildSettings = {
				ASSETCATALOG_COMPILER_APPICON_NAME = AppIcon;
				ASSETCATALOG_COMPILER_GLOBAL_ACCENT_COLOR_NAME = AccentColor;
				CODE_SIGN_STYLE = Automatic;
				CURRENT_PROJECT_VERSION = 1;
				GENERATE_INFOPLIST_FILE = YES;
				INFOPLIST_FILE = "Parsing JSON using local data/Info.plist";
				INFOPLIST_KEY_UIApplicationSupportsIndirectInputEvents = YES;
				INFOPLIST_KEY_UILaunchStoryboardName = LaunchScreen;
				INFOPLIST_KEY_UIMainStoryboardFile = Main;
				INFOPLIST_KEY_UISupportedInterfaceOrientations_iPad = "UIInterfaceOrientationPortrait UIInterfaceOrientationPortraitUpsideDown UIInterfaceOrientationLandscapeLeft UIInterfaceOrientationLandscapeRight";
				INFOPLIST_KEY_UISupportedInterfaceOrientations_iPhone = "UIInterfaceOrientationPortrait UIInterfaceOrientationLandscapeLeft UIInterfaceOrientationLandscapeRight";
				LD_RUNPATH_SEARCH_PATHS = (
					"$(inherited)",
					"@executable_path/Frameworks",
				);
				MARKETING_VERSION = 1.0;
				PRODUCT_BUNDLE_IDENTIFIER = "com.irvinakocan.Parsing-JSON-using-local-data";
				PRODUCT_NAME = "$(TARGET_NAME)";
				SWIFT_EMIT_LOC_STRINGS = YES;
				SWIFT_VERSION = 5.0;
				TARGETED_DEVICE_FAMILY = "1,2";
			};
			name = Debug;
		};
		24E7B4042B6EBCBF00D7EF4A /* Release */ = {
			isa = XCBuildConfiguration;
			buildSettings = {
				ASSETCATALOG_COMPILER_APPICON_NAME = AppIcon;
				ASSETCATALOG_COMPILER_GLOBAL_ACCENT_COLOR_NAME = AccentColor;
				CODE_SIGN_STYLE = Automatic;
				CURRENT_PROJECT_VERSION = 1;
				GENERATE_INFOPLIST_FILE = YES;
				INFOPLIST_FILE = "Parsing JSON using local data/Info.plist";
				INFOPLIST_KEY_UIApplicationSupportsIndirectInputEvents = YES;
				INFOPLIST_KEY_UILaunchStoryboardName = LaunchScreen;
				INFOPLIST_KEY_UIMainStoryboardFile = Main;
				INFOPLIST_KEY_UISupportedInterfaceOrientations_iPad = "UIInterfaceOrientationPortrait UIInterfaceOrientationPortraitUpsideDown UIInterfaceOrientationLandscapeLeft UIInterfaceOrientationLandscapeRight";
				INFOPLIST_KEY_UISupportedInterfaceOrientations_iPhone = "UIInterfaceOrientationPortrait UIInterfaceOrientationLandscapeLeft UIInterfaceOrientationLandscapeRight";
				LD_RUNPATH_SEARCH_PATHS = (
					"$(inherited)",
					"@executable_path/Frameworks",
				);
				MARKETING_VERSION = 1.0;
				PRODUCT_BUNDLE_IDENTIFIER = "com.irvinakocan.Parsing-JSON-using-local-data";
				PRODUCT_NAME = "$(TARGET_NAME)";
				SWIFT_EMIT_LOC_STRINGS = YES;
				SWIFT_VERSION = 5.0;
				TARGETED_DEVICE_FAMILY = "1,2";
			};
			name = Release;
		};
/* End XCBuildConfiguration section */

/* Begin XCConfigurationList section */
		24E7B3E92B6EBCBA00D7EF4A /* Build configuration list for PBXProject "Parsing JSON using local data" */ = {
			isa = XCConfigurationList;
			buildConfigurations = (
				24E7B4002B6EBCBF00D7EF4A /* Debug */,
				24E7B4012B6EBCBF00D7EF4A /* Release */,
			);
			defaultConfigurationIsVisible = 0;
			defaultConfigurationName = Release;
		};
		24E7B4022B6EBCBF00D7EF4A /* Build configuration list for PBXNativeTarget "Parsing JSON using local data" */ = {
			isa = XCConfigurationList;
			buildConfigurations = (
				24E7B4032B6EBCBF00D7EF4A /* Debug */,
				24E7B4042B6EBCBF00D7EF4A /* Release */,
			);
			defaultConfigurationIsVisible = 0;
			defaultConfigurationName = Release;
		};
/* End XCConfigurationList section */
	};
	rootObject = 24E7B3E62B6EBCBA00D7EF4A /* Project object */;
}
